
Microsoft Visual Studio Solution File, Format Version 12.00
# Visual Studio Version 17
VisualStudioVersion = 17.10.35122.118
MinimumVisualStudioVersion = 10.0.40219.1
Project("{FAE04EC0-301F-11D3-BF4B-00C04F79EFBC}") = "e-Commerce Grocery App", "e-Commerce Grocery App.csproj", "{AE83A0B8-421A-446F-B79F-927C03F787FC}"
EndProject
Global
	GlobalSection(SolutionConfigurationPlatforms) = preSolution
		Debug|Any CPU = Debug|Any CPU
		Release|Any CPU = Release|Any CPU
	EndGlobalSection
	GlobalSection(ProjectConfigurationPlatforms) = postSolution
		{AE83A0B8-421A-446F-B79F-927C03F787FC}.Debug|Any CPU.ActiveCfg = Debug|Any CPU
		{AE83A0B8-421A-446F-B79F-927C03F787FC}.Debug|Any CPU.Build.0 = Debug|Any CPU
		{AE83A0B8-421A-446F-B79F-927C03F787FC}.Debug|Any CPU.Deploy.0 = Debug|Any CPU
		{AE83A0B8-421A-446F-B79F-927C03F787FC}.Release|Any CPU.ActiveCfg = Release|Any CPU
		{AE83A0B8-421A-446F-B79F-927C03F787FC}.Release|Any CPU.Build.0 = Release|Any CPU
		{AE83A0B8-421A-446F-B79F-927C03F787FC}.Release|Any CPU.Deploy.0 = Release|Any CPU
	EndGlobalSection
	GlobalSection(SolutionProperties) = preSolution
		HideSolutionNode = FALSE
	EndGlobalSection
	GlobalSection(ExtensibilityGlobals) = postSolution
		SolutionGuid = {49F449FA-939A-4733-BD73-FAE617B158C4}
	EndGlobalSection
EndGlobal
